
Microsoft Visual Studio Solution File, Format Version 12.00
# Visual Studio Version 17
VisualStudioVersion = 17.9.34616.47
MinimumVisualStudioVersion = 10.0.40219.1
Project("{8BC9CEB8-8B4A-11D0-8D11-00A0C91BC942}") = "April15-startingChapter13", "COSC1437-Chapter13\COSC1437-Chapter13.vcxproj", "{6880284E-FC7B-4497-8281-1952037A90C3}"
EndProject
Project("{8BC9CEB8-8B4A-11D0-8D11-00A0C91BC942}") = "April15-moreOperatorOverloading", "April15-moreOperatorOverloading\April15-moreOperatorOverloading.vcxproj", "{B877327E-2888-455A-A874-8D88F686E516}"
EndProject
Project("{8BC9CEB8-8B4A-11D0-8D11-00A0C91BC942}") = "April17-continuingOperatorOverloading", "April17-continuingOperatorOverloading\April17-continuingOperatorOverloading.vcxproj", "{30DE79C2-031F-4451-806D-E91EE682E88B}"
EndProject
Project("{8BC9CEB8-8B4A-11D0-8D11-00A0C91BC942}") = "April17-friendDemo", "April17-friendDemo\April17-friendDemo.vcxproj", "{D16C3781-D503-41F1-A7A4-B3C7B5FA9D2A}"
EndProject
Project("{8BC9CEB8-8B4A-11D0-8D11-00A0C91BC942}") = "April22-templates", "April22-templates\April22-templates.vcxproj", "{D5482C1A-AC9B-475F-BBCE-EB99DA7960F5}"
EndProject
Project("{8BC9CEB8-8B4A-11D0-8D11-00A0C91BC942}") = "April22-part2-classTemplates", "April22-part2-classTemplates\April22-part2-classTemplates.vcxproj", "{8CA3CDD2-9E35-411B-A059-F643BCFA28E7}"
EndProject
Project("{8BC9CEB8-8B4A-11D0-8D11-00A0C91BC942}") = "OneSubOf13a", "OneSubOf13a\OneSubOf13a.vcxproj", "{8F6EA2F7-26E5-4184-80C5-D1F2F63D0A10}"
EndProject
Global
	GlobalSection(SolutionConfigurationPlatforms) = preSolution
		Debug|x64 = Debug|x64
		Debug|x86 = Debug|x86
		Release|x64 = Release|x64
		Release|x86 = Release|x86
	EndGlobalSection
	GlobalSection(ProjectConfigurationPlatforms) = postSolution
		{6880284E-FC7B-4497-8281-1952037A90C3}.Debug|x64.ActiveCfg = Debug|x64
		{6880284E-FC7B-4497-8281-1952037A90C3}.Debug|x64.Build.0 = Debug|x64
		{6880284E-FC7B-4497-8281-1952037A90C3}.Debug|x86.ActiveCfg = Debug|Win32
		{6880284E-FC7B-4497-8281-1952037A90C3}.Debug|x86.Build.0 = Debug|Win32
		{6880284E-FC7B-4497-8281-1952037A90C3}.Release|x64.ActiveCfg = Release|x64
		{6880284E-FC7B-4497-8281-1952037A90C3}.Release|x64.Build.0 = Release|x64
		{6880284E-FC7B-4497-8281-1952037A90C3}.Release|x86.ActiveCfg = Release|Win32
		{6880284E-FC7B-4497-8281-1952037A90C3}.Release|x86.Build.0 = Release|Win32
		{B877327E-2888-455A-A874-8D88F686E516}.Debug|x64.ActiveCfg = Debug|x64
		{B877327E-2888-455A-A874-8D88F686E516}.Debug|x64.Build.0 = Debug|x64
		{B877327E-2888-455A-A874-8D88F686E516}.Debug|x86.ActiveCfg = Debug|Win32
		{B877327E-2888-455A-A874-8D88F686E516}.Debug|x86.Build.0 = Debug|Win32
		{B877327E-2888-455A-A874-8D88F686E516}.Release|x64.ActiveCfg = Release|x64
		{B877327E-2888-455A-A874-8D88F686E516}.Release|x64.Build.0 = Release|x64
		{B877327E-2888-455A-A874-8D88F686E516}.Release|x86.ActiveCfg = Release|Win32
		{B877327E-2888-455A-A874-8D88F686E516}.Release|x86.Build.0 = Release|Win32
		{30DE79C2-031F-4451-806D-E91EE682E88B}.Debug|x64.ActiveCfg = Debug|x64
		{30DE79C2-031F-4451-806D-E91EE682E88B}.Debug|x64.Build.0 = Debug|x64
		{30DE79C2-031F-4451-806D-E91EE682E88B}.Debug|x86.ActiveCfg = Debug|Win32
		{30DE79C2-031F-4451-806D-E91EE682E88B}.Debug|x86.Build.0 = Debug|Win32
		{30DE79C2-031F-4451-806D-E91EE682E88B}.Release|x64.ActiveCfg = Release|x64
		{30DE79C2-031F-4451-806D-E91EE682E88B}.Release|x64.Build.0 = Release|x64
		{30DE79C2-031F-4451-806D-E91EE682E88B}.Release|x86.ActiveCfg = Release|Win32
		{30DE79C2-031F-4451-806D-E91EE682E88B}.Release|x86.Build.0 = Release|Win32
		{D16C3781-D503-41F1-A7A4-B3C7B5FA9D2A}.Debug|x64.ActiveCfg = Debug|x64
		{D16C3781-D503-41F1-A7A4-B3C7B5FA9D2A}.Debug|x64.Build.0 = Debug|x64
		{D16C3781-D503-41F1-A7A4-B3C7B5FA9D2A}.Debug|x86.ActiveCfg = Debug|Win32
		{D16C3781-D503-41F1-A7A4-B3C7B5FA9D2A}.Debug|x86.Build.0 = Debug|Win32
		{D16C3781-D503-41F1-A7A4-B3C7B5FA9D2A}.Release|x64.ActiveCfg = Release|x64
		{D16C3781-D503-41F1-A7A4-B3C7B5FA9D2A}.Release|x64.Build.0 = Release|x64
		{D16C3781-D503-41F1-A7A4-B3C7B5FA9D2A}.Release|x86.ActiveCfg = Release|Win32
		{D16C3781-D503-41F1-A7A4-B3C7B5FA9D2A}.Release|x86.Build.0 = Release|Win32
		{D5482C1A-AC9B-475F-BBCE-EB99DA7960F5}.Debug|x64.ActiveCfg = Debug|x64
		{D5482C1A-AC9B-475F-BBCE-EB99DA7960F5}.Debug|x64.Build.0 = Debug|x64
		{D5482C1A-AC9B-475F-BBCE-EB99DA7960F5}.Debug|x86.ActiveCfg = Debug|Win32
		{D5482C1A-AC9B-475F-BBCE-EB99DA7960F5}.Debug|x86.Build.0 = Debug|Win32
		{D5482C1A-AC9B-475F-BBCE-EB99DA7960F5}.Release|x64.ActiveCfg = Release|x64
		{D5482C1A-AC9B-475F-BBCE-EB99DA7960F5}.Release|x64.Build.0 = Release|x64
		{D5482C1A-AC9B-475F-BBCE-EB99DA7960F5}.Release|x86.ActiveCfg = Release|Win32
		{D5482C1A-AC9B-475F-BBCE-EB99DA7960F5}.Release|x86.Build.0 = Release|Win32
		{8CA3CDD2-9E35-411B-A059-F643BCFA28E7}.Debug|x64.ActiveCfg = Debug|x64
		{8CA3CDD2-9E35-411B-A059-F643BCFA28E7}.Debug|x64.Build.0 = Debug|x64
		{8CA3CDD2-9E35-411B-A059-F643BCFA28E7}.Debug|x86.ActiveCfg = Debug|Win32
		{8CA3CDD2-9E35-411B-A059-F643BCFA28E7}.Debug|x86.Build.0 = Debug|Win32
		{8CA3CDD2-9E35-411B-A059-F643BCFA28E7}.Release|x64.ActiveCfg = Release|x64
		{8CA3CDD2-9E35-411B-A059-F643BCFA28E7}.Release|x64.Build.0 = Release|x64
		{8CA3CDD2-9E35-411B-A059-F643BCFA28E7}.Release|x86.ActiveCfg = Release|Win32
		{8CA3CDD2-9E35-411B-A059-F643BCFA28E7}.Release|x86.Build.0 = Release|Win32
		{8F6EA2F7-26E5-4184-80C5-D1F2F63D0A10}.Debug|x64.ActiveCfg = Debug|x64
		{8F6EA2F7-26E5-4184-80C5-D1F2F63D0A10}.Debug|x64.Build.0 = Debug|x64
		{8F6EA2F7-26E5-4184-80C5-D1F2F63D0A10}.Debug|x86.ActiveCfg = Debug|Win32
		{8F6EA2F7-26E5-4184-80C5-D1F2F63D0A10}.Debug|x86.Build.0 = Debug|Win32
		{8F6EA2F7-26E5-4184-80C5-D1F2F63D0A10}.Release|x64.ActiveCfg = Release|x64
		{8F6EA2F7-26E5-4184-80C5-D1F2F63D0A10}.Release|x64.Build.0 = Release|x64
		{8F6EA2F7-26E5-4184-80C5-D1F2F63D0A10}.Release|x86.ActiveCfg = Release|Win32
		{8F6EA2F7-26E5-4184-80C5-D1F2F63D0A10}.Release|x86.Build.0 = Release|Win32
	EndGlobalSection
	GlobalSection(SolutionProperties) = preSolution
		HideSolutionNode = FALSE
	EndGlobalSection
	GlobalSection(ExtensibilityGlobals) = postSolution
		SolutionGuid = {C7C9F801-42F1-4EB4-8C9C-E243BDD2EECF}
	EndGlobalSection
EndGlobal
